
Microsoft Visual Studio Solution File, Format Version 12.00
# Visual Studio Version 17
VisualStudioVersion = 17.13.35825.156 d17.13
MinimumVisualStudioVersion = 10.0.40219.1
Project("{FAE04EC0-301F-11D3-BF4B-00C04F79EFBC}") = "lab1.2", "lab1.2.csproj", "{52B54EB3-52D7-469B-B2AE-143170DCE11A}"
EndProject
Global
	GlobalSection(SolutionConfigurationPlatforms) = preSolution
		Debug|Any CPU = Debug|Any CPU
		Release|Any CPU = Release|Any CPU
	EndGlobalSection
	GlobalSection(ProjectConfigurationPlatforms) = postSolution
		{52B54EB3-52D7-469B-B2AE-143170DCE11A}.Debug|Any CPU.ActiveCfg = Debug|Any CPU
		{52B54EB3-52D7-469B-B2AE-143170DCE11A}.Debug|Any CPU.Build.0 = Debug|Any CPU
		{52B54EB3-52D7-469B-B2AE-143170DCE11A}.Release|Any CPU.ActiveCfg = Release|Any CPU
		{52B54EB3-52D7-469B-B2AE-143170DCE11A}.Release|Any CPU.Build.0 = Release|Any CPU
	EndGlobalSection
	GlobalSection(SolutionProperties) = preSolution
		HideSolutionNode = FALSE
	EndGlobalSection
	GlobalSection(ExtensibilityGlobals) = postSolution
		SolutionGuid = {7838C55F-B5C7-44FA-821C-0CAFBC354CFD}
	EndGlobalSection
EndGlobal
