
Microsoft Visual Studio Solution File, Format Version 12.00
# Visual Studio Version 17
VisualStudioVersion = 17.13.35825.156 d17.13
MinimumVisualStudioVersion = 10.0.40219.1
Project("{FAE04EC0-301F-11D3-BF4B-00C04F79EFBC}") = "lab 7.4", "lab 7.4.csproj", "{1855FEAD-2327-4FA6-B9B9-52326AF16F57}"
EndProject
Global
	GlobalSection(SolutionConfigurationPlatforms) = preSolution
		Debug|Any CPU = Debug|Any CPU
		Release|Any CPU = Release|Any CPU
	EndGlobalSection
	GlobalSection(ProjectConfigurationPlatforms) = postSolution
		{1855FEAD-2327-4FA6-B9B9-52326AF16F57}.Debug|Any CPU.ActiveCfg = Debug|Any CPU
		{1855FEAD-2327-4FA6-B9B9-52326AF16F57}.Debug|Any CPU.Build.0 = Debug|Any CPU
		{1855FEAD-2327-4FA6-B9B9-52326AF16F57}.Release|Any CPU.ActiveCfg = Release|Any CPU
		{1855FEAD-2327-4FA6-B9B9-52326AF16F57}.Release|Any CPU.Build.0 = Release|Any CPU
	EndGlobalSection
	GlobalSection(SolutionProperties) = preSolution
		HideSolutionNode = FALSE
	EndGlobalSection
	GlobalSection(ExtensibilityGlobals) = postSolution
		SolutionGuid = {8CD68C23-11EE-4AAC-B734-F9F0F76FB610}
	EndGlobalSection
EndGlobal
